
Microsoft Visual Studio Solution File, Format Version 12.00
# Visual Studio Version 17
VisualStudioVersion = 17.11.35327.3
MinimumVisualStudioVersion = 10.0.40219.1
Project("{2150E333-8FDC-42A3-9474-1A3956D46DE8}") = "Project.V5", "Project.V5", "{DE78105F-191A-4CD1-B963-A53DA5C7E3E5}"
EndProject
Project("{FAE04EC0-301F-11D3-BF4B-00C04F79EFBC}") = "Project.V5", "Project.V5\Project.V5.csproj", "{D482E949-6C89-440E-9AA1-D3B28E2D2207}"
EndProject
Project("{FAE04EC0-301F-11D3-BF4B-00C04F79EFBC}") = "Project.V5.Lib", "Project.V5.Lib\Project.V5.Lib.csproj", "{45C33A80-5B90-4F4B-93B4-4D26E4F10E94}"
EndProject
Project("{FAE04EC0-301F-11D3-BF4B-00C04F79EFBC}") = "Project.V5.Test", "Project.V5.Test\Project.V5.Test.csproj", "{ABB7791F-656E-407B-8A4D-ECA2AE05DCBC}"
EndProject
Global
	GlobalSection(SolutionConfigurationPlatforms) = preSolution
		Debug|Any CPU = Debug|Any CPU
		Release|Any CPU = Release|Any CPU
	EndGlobalSection
	GlobalSection(ProjectConfigurationPlatforms) = postSolution
		{D482E949-6C89-440E-9AA1-D3B28E2D2207}.Debug|Any CPU.ActiveCfg = Debug|Any CPU
		{D482E949-6C89-440E-9AA1-D3B28E2D2207}.Debug|Any CPU.Build.0 = Debug|Any CPU
		{D482E949-6C89-440E-9AA1-D3B28E2D2207}.Release|Any CPU.ActiveCfg = Release|Any CPU
		{D482E949-6C89-440E-9AA1-D3B28E2D2207}.Release|Any CPU.Build.0 = Release|Any CPU
		{45C33A80-5B90-4F4B-93B4-4D26E4F10E94}.Debug|Any CPU.ActiveCfg = Debug|Any CPU
		{45C33A80-5B90-4F4B-93B4-4D26E4F10E94}.Debug|Any CPU.Build.0 = Debug|Any CPU
		{45C33A80-5B90-4F4B-93B4-4D26E4F10E94}.Release|Any CPU.ActiveCfg = Release|Any CPU
		{45C33A80-5B90-4F4B-93B4-4D26E4F10E94}.Release|Any CPU.Build.0 = Release|Any CPU
		{ABB7791F-656E-407B-8A4D-ECA2AE05DCBC}.Debug|Any CPU.ActiveCfg = Debug|Any CPU
		{ABB7791F-656E-407B-8A4D-ECA2AE05DCBC}.Debug|Any CPU.Build.0 = Debug|Any CPU
		{ABB7791F-656E-407B-8A4D-ECA2AE05DCBC}.Release|Any CPU.ActiveCfg = Release|Any CPU
		{ABB7791F-656E-407B-8A4D-ECA2AE05DCBC}.Release|Any CPU.Build.0 = Release|Any CPU
	EndGlobalSection
	GlobalSection(SolutionProperties) = preSolution
		HideSolutionNode = FALSE
	EndGlobalSection
	GlobalSection(NestedProjects) = preSolution
		{D482E949-6C89-440E-9AA1-D3B28E2D2207} = {DE78105F-191A-4CD1-B963-A53DA5C7E3E5}
		{45C33A80-5B90-4F4B-93B4-4D26E4F10E94} = {DE78105F-191A-4CD1-B963-A53DA5C7E3E5}
		{ABB7791F-656E-407B-8A4D-ECA2AE05DCBC} = {DE78105F-191A-4CD1-B963-A53DA5C7E3E5}
	EndGlobalSection
	GlobalSection(ExtensibilityGlobals) = postSolution
		SolutionGuid = {964EB07D-6230-498D-BB5E-AEAB1C45D2C1}
	EndGlobalSection
EndGlobal
